
Microsoft Visual Studio Solution File, Format Version 12.00
# Visual Studio Version 17
VisualStudioVersion = 17.1.31911.260
MinimumVisualStudioVersion = 10.0.40219.1
Project("{FAE04EC0-301F-11D3-BF4B-00C04F79EFBC}") = "MainApp", "src\MainApp\MainApp.csproj", "{031C7877-3DEA-4D8B-AE92-2C4A13CC45F1}"
EndProject
Project("{FAE04EC0-301F-11D3-BF4B-00C04F79EFBC}") = "StringReduction", "src\StringReduction\StringReduction.csproj", "{12BFE728-BE42-4741-99E5-C8684732873D}"
EndProject
Project("{FAE04EC0-301F-11D3-BF4B-00C04F79EFBC}") = "CoinChange", "src\CoinChange\CoinChange.csproj", "{9AAC7385-D235-4891-9A55-DE17ADA8B2D0}"
EndProject
Project("{2150E333-8FDC-42A3-9474-1A3956D46DE8}") = "src", "src", "{1BFDD22B-728B-42C1-9FDB-4D59A7C12FE7}"
EndProject
Project("{2150E333-8FDC-42A3-9474-1A3956D46DE8}") = "tests", "tests", "{3E04266D-DBB0-49A3-8458-55E1EDD7C6AA}"
EndProject
Project("{FAE04EC0-301F-11D3-BF4B-00C04F79EFBC}") = "Equal", "src\Equal\Equal.csproj", "{54E3EFB4-D6D4-49BE-A114-69AC5F001A91}"
EndProject
Project("{FAE04EC0-301F-11D3-BF4B-00C04F79EFBC}") = "EqualTests", "tests\EqualTests\EqualTests.csproj", "{ADF72A75-5E6F-40ED-A959-E638DD72EFA9}"
EndProject
Project("{FAE04EC0-301F-11D3-BF4B-00C04F79EFBC}") = "HourGlass", "src\HourGlass\HourGlass.csproj", "{AD29BA22-0AE2-4C0E-9422-30E8279706F5}"
EndProject
Project("{FAE04EC0-301F-11D3-BF4B-00C04F79EFBC}") = "MyAtoi", "src\MyAtoi\MyAtoi.csproj", "{F3476B16-77F3-404B-B72B-4FBA71D18447}"
EndProject
Project("{FAE04EC0-301F-11D3-BF4B-00C04F79EFBC}") = "LengthOfLongestSubstring", "src\LengthOfLongestSubstring\LengthOfLongestSubstring.csproj", "{8B92E6E8-46A9-419F-9A43-1DCA37ED0E9A}"
EndProject
Project("{9A19103F-16F7-4668-BE54-9A1E7A4F7556}") = "HourglassSumUnitTests", "tests\HourglassSumUnitTest\HourglassSumUnitTests.csproj", "{6C8554BC-8E3D-4953-9A16-6F761D74CE5B}"
EndProject
Project("{9A19103F-16F7-4668-BE54-9A1E7A4F7556}") = "LengthOfLongestSubstringTests", "tests\LengthOfLongestSubstringTests\LengthOfLongestSubstringTests.csproj", "{AD66D59A-CDEB-4284-9465-CB53D38C99C3}"
EndProject
Project("{FAE04EC0-301F-11D3-BF4B-00C04F79EFBC}") = "MinimalHeaviestSetA", "src\MinimalHeaviestSetA\MinimalHeaviestSetA.csproj", "{AEB425C5-8D5C-4951-9BB0-30C77EB59F25}"
EndProject
Project("{FAE04EC0-301F-11D3-BF4B-00C04F79EFBC}") = "MinimalHeaviestSetATests", "tests\MinimalHeaviestSetATests\MinimalHeaviestSetATests.csproj", "{2ABC9154-1B63-46A7-8C83-F0880C970E04}"
EndProject
Project("{FAE04EC0-301F-11D3-BF4B-00C04F79EFBC}") = "ItemsInContainer", "src\ItemsInContainer\ItemsInContainer.csproj", "{DDCA3725-344C-4649-8D3E-4F06FF5FA4EF}"
EndProject
Project("{FAE04EC0-301F-11D3-BF4B-00C04F79EFBC}") = "ItemsInContainerTests", "tests\ItemsInContainerTests\ItemsInContainerTests.csproj", "{451E17A5-DA2F-476B-A0D0-3B9FC6264FB5}"
EndProject
Project("{FAE04EC0-301F-11D3-BF4B-00C04F79EFBC}") = "ContainerWithMostWater", "src\ContainerWithMostWater\ContainerWithMostWater.csproj", "{5B53B785-2C9F-4E0C-B9E3-199D71A8E58A}"
EndProject
Project("{FAE04EC0-301F-11D3-BF4B-00C04F79EFBC}") = "ContainerWithMostWaterTests", "tests\ContainerWithMostWaterTests\ContainerWithMostWaterTests.csproj", "{51FB3668-6EE5-4D6B-8EF8-D433FF134BCA}"
EndProject
Project("{FAE04EC0-301F-11D3-BF4B-00C04F79EFBC}") = "FibonacciModified", "src\Fibonacci Modified\FibonacciModified.csproj", "{1A209E52-7B0F-4E2A-82CB-88D3CD5D784E}"
EndProject
Project("{FAE04EC0-301F-11D3-BF4B-00C04F79EFBC}") = "FibonacciModifiedTests", "tests\FibonacciModifiedTests\FibonacciModifiedTests.csproj", "{B3E2CFE4-311F-4066-ABA3-A418A08D6A9F}"
EndProject
Project("{9A19103F-16F7-4668-BE54-9A1E7A4F7556}") = "NewYearChaos", "src\NewYearChaos\NewYearChaos.csproj", "{1E2A3A14-8E11-4164-8A8A-35F2C9DE3257}"
EndProject
Project("{9A19103F-16F7-4668-BE54-9A1E7A4F7556}") = "NewYearChaosTests", "tests\NewYearChaosUnitTests\NewYearChaosTests.csproj", "{56292475-CDEF-4F2F-810D-0C21EBBD945A}"
EndProject
Project("{FAE04EC0-301F-11D3-BF4B-00C04F79EFBC}") = "CoinChangeTests", "tests\CoinChangeTests\CoinChangeTests.csproj", "{4BBE2C2C-222E-4F5E-A471-14ED37AEB9A0}"
EndProject
Project("{FAE04EC0-301F-11D3-BF4B-00C04F79EFBC}") = "StringReductionTests", "tests\StringReductionTests\StringReductionTests.csproj", "{168FF4A0-56E9-44FE-9816-84B216791F7E}"
EndProject
Project("{FAE04EC0-301F-11D3-BF4B-00C04F79EFBC}") = "SherlockAndAnagrams", "src\SherlockAndAnagrams\SherlockAndAnagrams.csproj", "{547D3BE5-BD5D-4FA0-937B-C91B8A0E09C3}"
EndProject
Project("{FAE04EC0-301F-11D3-BF4B-00C04F79EFBC}") = "SherlockAndAnagramsTests", "tests\FibonacciModifiedTests\SherlockAndAnagramsTests\SherlockAndAnagramsTests.csproj", "{AD269B46-0791-44B3-A509-7C077F786E81}"
EndProject
Project("{FAE04EC0-301F-11D3-BF4B-00C04F79EFBC}") = "DictionariesAndHashmaps", "src\DictionariesAndHashmaps\DictionariesAndHashmaps.csproj", "{27E5D95C-6C47-4313-AE23-49CAD78031C3}"
EndProject
Project("{FAE04EC0-301F-11D3-BF4B-00C04F79EFBC}") = "DictionariesAndHashmapsTests", "tests\DictionariesAndHashmapsTests\DictionariesAndHashmapsTests.csproj", "{5ADFBED0-826A-4ACD-8FAC-9D8E5D0C0F45}"
EndProject
Global
	GlobalSection(SolutionConfigurationPlatforms) = preSolution
		Debug|Any CPU = Debug|Any CPU
		Release|Any CPU = Release|Any CPU
	EndGlobalSection
	GlobalSection(ProjectConfigurationPlatforms) = postSolution
		{031C7877-3DEA-4D8B-AE92-2C4A13CC45F1}.Debug|Any CPU.ActiveCfg = Debug|Any CPU
		{031C7877-3DEA-4D8B-AE92-2C4A13CC45F1}.Debug|Any CPU.Build.0 = Debug|Any CPU
		{031C7877-3DEA-4D8B-AE92-2C4A13CC45F1}.Release|Any CPU.ActiveCfg = Release|Any CPU
		{031C7877-3DEA-4D8B-AE92-2C4A13CC45F1}.Release|Any CPU.Build.0 = Release|Any CPU
		{12BFE728-BE42-4741-99E5-C8684732873D}.Debug|Any CPU.ActiveCfg = Debug|Any CPU
		{12BFE728-BE42-4741-99E5-C8684732873D}.Debug|Any CPU.Build.0 = Debug|Any CPU
		{12BFE728-BE42-4741-99E5-C8684732873D}.Release|Any CPU.ActiveCfg = Release|Any CPU
		{12BFE728-BE42-4741-99E5-C8684732873D}.Release|Any CPU.Build.0 = Release|Any CPU
		{9AAC7385-D235-4891-9A55-DE17ADA8B2D0}.Debug|Any CPU.ActiveCfg = Debug|Any CPU
		{9AAC7385-D235-4891-9A55-DE17ADA8B2D0}.Debug|Any CPU.Build.0 = Debug|Any CPU
		{9AAC7385-D235-4891-9A55-DE17ADA8B2D0}.Release|Any CPU.ActiveCfg = Release|Any CPU
		{9AAC7385-D235-4891-9A55-DE17ADA8B2D0}.Release|Any CPU.Build.0 = Release|Any CPU
		{54E3EFB4-D6D4-49BE-A114-69AC5F001A91}.Debug|Any CPU.ActiveCfg = Debug|Any CPU
		{54E3EFB4-D6D4-49BE-A114-69AC5F001A91}.Debug|Any CPU.Build.0 = Debug|Any CPU
		{54E3EFB4-D6D4-49BE-A114-69AC5F001A91}.Release|Any CPU.ActiveCfg = Release|Any CPU
		{54E3EFB4-D6D4-49BE-A114-69AC5F001A91}.Release|Any CPU.Build.0 = Release|Any CPU
		{ADF72A75-5E6F-40ED-A959-E638DD72EFA9}.Debug|Any CPU.ActiveCfg = Debug|Any CPU
		{ADF72A75-5E6F-40ED-A959-E638DD72EFA9}.Debug|Any CPU.Build.0 = Debug|Any CPU
		{ADF72A75-5E6F-40ED-A959-E638DD72EFA9}.Release|Any CPU.ActiveCfg = Release|Any CPU
		{ADF72A75-5E6F-40ED-A959-E638DD72EFA9}.Release|Any CPU.Build.0 = Release|Any CPU
		{AD29BA22-0AE2-4C0E-9422-30E8279706F5}.Debug|Any CPU.ActiveCfg = Debug|Any CPU
		{AD29BA22-0AE2-4C0E-9422-30E8279706F5}.Debug|Any CPU.Build.0 = Debug|Any CPU
		{AD29BA22-0AE2-4C0E-9422-30E8279706F5}.Release|Any CPU.ActiveCfg = Release|Any CPU
		{AD29BA22-0AE2-4C0E-9422-30E8279706F5}.Release|Any CPU.Build.0 = Release|Any CPU
		{F3476B16-77F3-404B-B72B-4FBA71D18447}.Debug|Any CPU.ActiveCfg = Debug|Any CPU
		{F3476B16-77F3-404B-B72B-4FBA71D18447}.Debug|Any CPU.Build.0 = Debug|Any CPU
		{F3476B16-77F3-404B-B72B-4FBA71D18447}.Release|Any CPU.ActiveCfg = Release|Any CPU
		{F3476B16-77F3-404B-B72B-4FBA71D18447}.Release|Any CPU.Build.0 = Release|Any CPU
		{8B92E6E8-46A9-419F-9A43-1DCA37ED0E9A}.Debug|Any CPU.ActiveCfg = Debug|Any CPU
		{8B92E6E8-46A9-419F-9A43-1DCA37ED0E9A}.Debug|Any CPU.Build.0 = Debug|Any CPU
		{8B92E6E8-46A9-419F-9A43-1DCA37ED0E9A}.Release|Any CPU.ActiveCfg = Release|Any CPU
		{8B92E6E8-46A9-419F-9A43-1DCA37ED0E9A}.Release|Any CPU.Build.0 = Release|Any CPU
		{6C8554BC-8E3D-4953-9A16-6F761D74CE5B}.Debug|Any CPU.ActiveCfg = Debug|Any CPU
		{6C8554BC-8E3D-4953-9A16-6F761D74CE5B}.Debug|Any CPU.Build.0 = Debug|Any CPU
		{6C8554BC-8E3D-4953-9A16-6F761D74CE5B}.Release|Any CPU.ActiveCfg = Release|Any CPU
		{6C8554BC-8E3D-4953-9A16-6F761D74CE5B}.Release|Any CPU.Build.0 = Release|Any CPU
		{AD66D59A-CDEB-4284-9465-CB53D38C99C3}.Debug|Any CPU.ActiveCfg = Debug|Any CPU
		{AD66D59A-CDEB-4284-9465-CB53D38C99C3}.Debug|Any CPU.Build.0 = Debug|Any CPU
		{AD66D59A-CDEB-4284-9465-CB53D38C99C3}.Release|Any CPU.ActiveCfg = Release|Any CPU
		{AD66D59A-CDEB-4284-9465-CB53D38C99C3}.Release|Any CPU.Build.0 = Release|Any CPU
		{AEB425C5-8D5C-4951-9BB0-30C77EB59F25}.Debug|Any CPU.ActiveCfg = Debug|Any CPU
		{AEB425C5-8D5C-4951-9BB0-30C77EB59F25}.Debug|Any CPU.Build.0 = Debug|Any CPU
		{AEB425C5-8D5C-4951-9BB0-30C77EB59F25}.Release|Any CPU.ActiveCfg = Release|Any CPU
		{AEB425C5-8D5C-4951-9BB0-30C77EB59F25}.Release|Any CPU.Build.0 = Release|Any CPU
		{2ABC9154-1B63-46A7-8C83-F0880C970E04}.Debug|Any CPU.ActiveCfg = Debug|Any CPU
		{2ABC9154-1B63-46A7-8C83-F0880C970E04}.Debug|Any CPU.Build.0 = Debug|Any CPU
		{2ABC9154-1B63-46A7-8C83-F0880C970E04}.Release|Any CPU.ActiveCfg = Release|Any CPU
		{2ABC9154-1B63-46A7-8C83-F0880C970E04}.Release|Any CPU.Build.0 = Release|Any CPU
		{DDCA3725-344C-4649-8D3E-4F06FF5FA4EF}.Debug|Any CPU.ActiveCfg = Debug|Any CPU
		{DDCA3725-344C-4649-8D3E-4F06FF5FA4EF}.Debug|Any CPU.Build.0 = Debug|Any CPU
		{DDCA3725-344C-4649-8D3E-4F06FF5FA4EF}.Release|Any CPU.ActiveCfg = Release|Any CPU
		{DDCA3725-344C-4649-8D3E-4F06FF5FA4EF}.Release|Any CPU.Build.0 = Release|Any CPU
		{451E17A5-DA2F-476B-A0D0-3B9FC6264FB5}.Debug|Any CPU.ActiveCfg = Debug|Any CPU
		{451E17A5-DA2F-476B-A0D0-3B9FC6264FB5}.Debug|Any CPU.Build.0 = Debug|Any CPU
		{451E17A5-DA2F-476B-A0D0-3B9FC6264FB5}.Release|Any CPU.ActiveCfg = Release|Any CPU
		{451E17A5-DA2F-476B-A0D0-3B9FC6264FB5}.Release|Any CPU.Build.0 = Release|Any CPU
		{5B53B785-2C9F-4E0C-B9E3-199D71A8E58A}.Debug|Any CPU.ActiveCfg = Debug|Any CPU
		{5B53B785-2C9F-4E0C-B9E3-199D71A8E58A}.Debug|Any CPU.Build.0 = Debug|Any CPU
		{5B53B785-2C9F-4E0C-B9E3-199D71A8E58A}.Release|Any CPU.ActiveCfg = Release|Any CPU
		{5B53B785-2C9F-4E0C-B9E3-199D71A8E58A}.Release|Any CPU.Build.0 = Release|Any CPU
		{51FB3668-6EE5-4D6B-8EF8-D433FF134BCA}.Debug|Any CPU.ActiveCfg = Debug|Any CPU
		{51FB3668-6EE5-4D6B-8EF8-D433FF134BCA}.Debug|Any CPU.Build.0 = Debug|Any CPU
		{51FB3668-6EE5-4D6B-8EF8-D433FF134BCA}.Release|Any CPU.ActiveCfg = Release|Any CPU
		{51FB3668-6EE5-4D6B-8EF8-D433FF134BCA}.Release|Any CPU.Build.0 = Release|Any CPU
		{1A209E52-7B0F-4E2A-82CB-88D3CD5D784E}.Debug|Any CPU.ActiveCfg = Debug|Any CPU
		{1A209E52-7B0F-4E2A-82CB-88D3CD5D784E}.Debug|Any CPU.Build.0 = Debug|Any CPU
		{1A209E52-7B0F-4E2A-82CB-88D3CD5D784E}.Release|Any CPU.ActiveCfg = Release|Any CPU
		{1A209E52-7B0F-4E2A-82CB-88D3CD5D784E}.Release|Any CPU.Build.0 = Release|Any CPU
		{B3E2CFE4-311F-4066-ABA3-A418A08D6A9F}.Debug|Any CPU.ActiveCfg = Debug|Any CPU
		{B3E2CFE4-311F-4066-ABA3-A418A08D6A9F}.Debug|Any CPU.Build.0 = Debug|Any CPU
		{B3E2CFE4-311F-4066-ABA3-A418A08D6A9F}.Release|Any CPU.ActiveCfg = Release|Any CPU
		{B3E2CFE4-311F-4066-ABA3-A418A08D6A9F}.Release|Any CPU.Build.0 = Release|Any CPU
		{1E2A3A14-8E11-4164-8A8A-35F2C9DE3257}.Debug|Any CPU.ActiveCfg = Debug|Any CPU
		{1E2A3A14-8E11-4164-8A8A-35F2C9DE3257}.Debug|Any CPU.Build.0 = Debug|Any CPU
		{1E2A3A14-8E11-4164-8A8A-35F2C9DE3257}.Release|Any CPU.ActiveCfg = Release|Any CPU
		{1E2A3A14-8E11-4164-8A8A-35F2C9DE3257}.Release|Any CPU.Build.0 = Release|Any CPU
		{56292475-CDEF-4F2F-810D-0C21EBBD945A}.Debug|Any CPU.ActiveCfg = Debug|Any CPU
		{56292475-CDEF-4F2F-810D-0C21EBBD945A}.Debug|Any CPU.Build.0 = Debug|Any CPU
		{56292475-CDEF-4F2F-810D-0C21EBBD945A}.Release|Any CPU.ActiveCfg = Release|Any CPU
		{56292475-CDEF-4F2F-810D-0C21EBBD945A}.Release|Any CPU.Build.0 = Release|Any CPU
		{4BBE2C2C-222E-4F5E-A471-14ED37AEB9A0}.Debug|Any CPU.ActiveCfg = Debug|Any CPU
		{4BBE2C2C-222E-4F5E-A471-14ED37AEB9A0}.Debug|Any CPU.Build.0 = Debug|Any CPU
		{4BBE2C2C-222E-4F5E-A471-14ED37AEB9A0}.Release|Any CPU.ActiveCfg = Release|Any CPU
		{4BBE2C2C-222E-4F5E-A471-14ED37AEB9A0}.Release|Any CPU.Build.0 = Release|Any CPU
		{168FF4A0-56E9-44FE-9816-84B216791F7E}.Debug|Any CPU.ActiveCfg = Debug|Any CPU
		{168FF4A0-56E9-44FE-9816-84B216791F7E}.Debug|Any CPU.Build.0 = Debug|Any CPU
		{168FF4A0-56E9-44FE-9816-84B216791F7E}.Release|Any CPU.ActiveCfg = Release|Any CPU
		{168FF4A0-56E9-44FE-9816-84B216791F7E}.Release|Any CPU.Build.0 = Release|Any CPU
		{547D3BE5-BD5D-4FA0-937B-C91B8A0E09C3}.Debug|Any CPU.ActiveCfg = Debug|Any CPU
		{547D3BE5-BD5D-4FA0-937B-C91B8A0E09C3}.Debug|Any CPU.Build.0 = Debug|Any CPU
		{547D3BE5-BD5D-4FA0-937B-C91B8A0E09C3}.Release|Any CPU.ActiveCfg = Release|Any CPU
		{547D3BE5-BD5D-4FA0-937B-C91B8A0E09C3}.Release|Any CPU.Build.0 = Release|Any CPU
		{AD269B46-0791-44B3-A509-7C077F786E81}.Debug|Any CPU.ActiveCfg = Debug|Any CPU
		{AD269B46-0791-44B3-A509-7C077F786E81}.Debug|Any CPU.Build.0 = Debug|Any CPU
		{AD269B46-0791-44B3-A509-7C077F786E81}.Release|Any CPU.ActiveCfg = Release|Any CPU
		{AD269B46-0791-44B3-A509-7C077F786E81}.Release|Any CPU.Build.0 = Release|Any CPU
		{27E5D95C-6C47-4313-AE23-49CAD78031C3}.Debug|Any CPU.ActiveCfg = Debug|Any CPU
		{27E5D95C-6C47-4313-AE23-49CAD78031C3}.Debug|Any CPU.Build.0 = Debug|Any CPU
		{27E5D95C-6C47-4313-AE23-49CAD78031C3}.Release|Any CPU.ActiveCfg = Release|Any CPU
		{27E5D95C-6C47-4313-AE23-49CAD78031C3}.Release|Any CPU.Build.0 = Release|Any CPU
		{5ADFBED0-826A-4ACD-8FAC-9D8E5D0C0F45}.Debug|Any CPU.ActiveCfg = Debug|Any CPU
		{5ADFBED0-826A-4ACD-8FAC-9D8E5D0C0F45}.Debug|Any CPU.Build.0 = Debug|Any CPU
		{5ADFBED0-826A-4ACD-8FAC-9D8E5D0C0F45}.Release|Any CPU.ActiveCfg = Release|Any CPU
		{5ADFBED0-826A-4ACD-8FAC-9D8E5D0C0F45}.Release|Any CPU.Build.0 = Release|Any CPU
	EndGlobalSection
	GlobalSection(SolutionProperties) = preSolution
		HideSolutionNode = FALSE
	EndGlobalSection
	GlobalSection(NestedProjects) = preSolution
		{031C7877-3DEA-4D8B-AE92-2C4A13CC45F1} = {1BFDD22B-728B-42C1-9FDB-4D59A7C12FE7}
		{12BFE728-BE42-4741-99E5-C8684732873D} = {1BFDD22B-728B-42C1-9FDB-4D59A7C12FE7}
		{9AAC7385-D235-4891-9A55-DE17ADA8B2D0} = {1BFDD22B-728B-42C1-9FDB-4D59A7C12FE7}
		{54E3EFB4-D6D4-49BE-A114-69AC5F001A91} = {1BFDD22B-728B-42C1-9FDB-4D59A7C12FE7}
		{ADF72A75-5E6F-40ED-A959-E638DD72EFA9} = {3E04266D-DBB0-49A3-8458-55E1EDD7C6AA}
		{AD29BA22-0AE2-4C0E-9422-30E8279706F5} = {1BFDD22B-728B-42C1-9FDB-4D59A7C12FE7}
		{F3476B16-77F3-404B-B72B-4FBA71D18447} = {1BFDD22B-728B-42C1-9FDB-4D59A7C12FE7}
		{8B92E6E8-46A9-419F-9A43-1DCA37ED0E9A} = {1BFDD22B-728B-42C1-9FDB-4D59A7C12FE7}
		{6C8554BC-8E3D-4953-9A16-6F761D74CE5B} = {3E04266D-DBB0-49A3-8458-55E1EDD7C6AA}
		{AD66D59A-CDEB-4284-9465-CB53D38C99C3} = {3E04266D-DBB0-49A3-8458-55E1EDD7C6AA}
		{AEB425C5-8D5C-4951-9BB0-30C77EB59F25} = {1BFDD22B-728B-42C1-9FDB-4D59A7C12FE7}
		{2ABC9154-1B63-46A7-8C83-F0880C970E04} = {3E04266D-DBB0-49A3-8458-55E1EDD7C6AA}
		{DDCA3725-344C-4649-8D3E-4F06FF5FA4EF} = {1BFDD22B-728B-42C1-9FDB-4D59A7C12FE7}
		{451E17A5-DA2F-476B-A0D0-3B9FC6264FB5} = {3E04266D-DBB0-49A3-8458-55E1EDD7C6AA}
		{5B53B785-2C9F-4E0C-B9E3-199D71A8E58A} = {1BFDD22B-728B-42C1-9FDB-4D59A7C12FE7}
		{51FB3668-6EE5-4D6B-8EF8-D433FF134BCA} = {3E04266D-DBB0-49A3-8458-55E1EDD7C6AA}
		{1A209E52-7B0F-4E2A-82CB-88D3CD5D784E} = {1BFDD22B-728B-42C1-9FDB-4D59A7C12FE7}
		{B3E2CFE4-311F-4066-ABA3-A418A08D6A9F} = {3E04266D-DBB0-49A3-8458-55E1EDD7C6AA}
		{1E2A3A14-8E11-4164-8A8A-35F2C9DE3257} = {1BFDD22B-728B-42C1-9FDB-4D59A7C12FE7}
		{56292475-CDEF-4F2F-810D-0C21EBBD945A} = {3E04266D-DBB0-49A3-8458-55E1EDD7C6AA}
		{4BBE2C2C-222E-4F5E-A471-14ED37AEB9A0} = {3E04266D-DBB0-49A3-8458-55E1EDD7C6AA}
		{168FF4A0-56E9-44FE-9816-84B216791F7E} = {3E04266D-DBB0-49A3-8458-55E1EDD7C6AA}
		{547D3BE5-BD5D-4FA0-937B-C91B8A0E09C3} = {1BFDD22B-728B-42C1-9FDB-4D59A7C12FE7}
		{AD269B46-0791-44B3-A509-7C077F786E81} = {3E04266D-DBB0-49A3-8458-55E1EDD7C6AA}
		{27E5D95C-6C47-4313-AE23-49CAD78031C3} = {1BFDD22B-728B-42C1-9FDB-4D59A7C12FE7}
		{5ADFBED0-826A-4ACD-8FAC-9D8E5D0C0F45} = {3E04266D-DBB0-49A3-8458-55E1EDD7C6AA}
	EndGlobalSection
	GlobalSection(ExtensibilityGlobals) = postSolution
		SolutionGuid = {2DF10600-3BD0-46EB-AEF0-D1CD6C467681}
	EndGlobalSection
EndGlobal
